
Microsoft Visual Studio Solution File, Format Version 12.00
# Visual Studio Version 16
VisualStudioVersion = 16.0.33927.289
MinimumVisualStudioVersion = 10.0.40219.1
Project("{2150E333-8FDC-42A3-9474-1A3956D46DE8}") = "Task0", "Task0", "{F513E364-8EB6-4198-A64D-0DCF7DE19CCA}"
EndProject
Project("{FAE04EC0-301F-11D3-BF4B-00C04F79EFBC}") = "Tyuiu.DevjatkovaAA.Sprint5.Task0.V25", "Tyuiu.DevjatkovaAA.Sprint5.Task0.V25\Tyuiu.DevjatkovaAA.Sprint5.Task0.V25.csproj", "{58CE33CC-2F3B-4CC0-88AE-ED6181889AEE}"
EndProject
Project("{FAE04EC0-301F-11D3-BF4B-00C04F79EFBC}") = "Tyuiu.DevjatkovaAA.Sprint5.Task0.V25.Lib", "Tyuiu.DevjatkovaAA.Sprint5.Task0.V25.Lib\Tyuiu.DevjatkovaAA.Sprint5.Task0.V25.Lib.csproj", "{6C54BEC8-5C71-4A3A-8D5A-821D412D765C}"
EndProject
Project("{FAE04EC0-301F-11D3-BF4B-00C04F79EFBC}") = "Tyuiu.DevjatkovaAA.Sprint5.Task0.V25.Test", "Tyuiu.DevjatkovaAA.Sprint5.Task0.V25.Test\Tyuiu.DevjatkovaAA.Sprint5.Task0.V25.Test.csproj", "{67F91751-5045-4984-9695-81B08AEA952A}"
EndProject
Project("{2150E333-8FDC-42A3-9474-1A3956D46DE8}") = "Task1", "Task1", "{3BED2643-B353-4E88-B6BB-F0D4A83035BF}"
EndProject
Project("{FAE04EC0-301F-11D3-BF4B-00C04F79EFBC}") = "Tyuiu.DevjatkovaAA.Sprint5.Task1.V27", "Tyuiu.DevjatkovaAA.Sprint5.Task1.V27\Tyuiu.DevjatkovaAA.Sprint5.Task1.V27.csproj", "{289B57B2-2F4E-43F8-84D3-184CE645BB0C}"
EndProject
Project("{FAE04EC0-301F-11D3-BF4B-00C04F79EFBC}") = "Tyuiu.DevjatkovaAA.Sprint5.Task1.V27.Lib", "Tyuiu.DevjatkovaAA.Sprint5.Task1.V27.Lib\Tyuiu.DevjatkovaAA.Sprint5.Task1.V27.Lib.csproj", "{9F70D82B-8067-496E-8826-F1D61FA64C5C}"
EndProject
Project("{FAE04EC0-301F-11D3-BF4B-00C04F79EFBC}") = "Tyuiu.DevjatkovaAA.Sprint5.Task1.V27.Test", "Tyuiu.DevjatkovaAA.Sprint5.Task1.V27.Test\Tyuiu.DevjatkovaAA.Sprint5.Task1.V27.Test.csproj", "{3C3B8A30-13D7-411E-A313-BD273EB62628}"
EndProject
Project("{2150E333-8FDC-42A3-9474-1A3956D46DE8}") = "Task2", "Task2", "{3D12C908-5319-489A-9E6F-93A4C9EEDA39}"
EndProject
Project("{FAE04EC0-301F-11D3-BF4B-00C04F79EFBC}") = "Tyuiu.DevjatkovaAA.Sprint5.Task2.V26", "Tyuiu.DevjatkovaAA.Sprint5.Task2.V26\Tyuiu.DevjatkovaAA.Sprint5.Task2.V26.csproj", "{94054B0A-795F-4A01-84CA-01A948635EAD}"
EndProject
Project("{FAE04EC0-301F-11D3-BF4B-00C04F79EFBC}") = "Tyuiu.DevjatkovaAA.Sprint5.Task2.V26.Lib", "Tyuiu.DevjatkovaAA.Sprint5.Task2.V26.Lib\Tyuiu.DevjatkovaAA.Sprint5.Task2.V26.Lib.csproj", "{2A31FCF6-D69B-4DBF-A65D-3559811A28EA}"
EndProject
Project("{FAE04EC0-301F-11D3-BF4B-00C04F79EFBC}") = "Tyuiu.DevjatkovaAA.Sprint5.Task2.V26.Test", "Tyuiu.DevjatkovaAA.Sprint5.Task2.V26.Test\Tyuiu.DevjatkovaAA.Sprint5.Task2.V26.Test.csproj", "{AFA42CF0-CB5A-4953-9073-2586F51EAF08}"
EndProject
Global
	GlobalSection(SolutionConfigurationPlatforms) = preSolution
		Debug|Any CPU = Debug|Any CPU
		Release|Any CPU = Release|Any CPU
	EndGlobalSection
	GlobalSection(ProjectConfigurationPlatforms) = postSolution
		{58CE33CC-2F3B-4CC0-88AE-ED6181889AEE}.Debug|Any CPU.ActiveCfg = Debug|Any CPU
		{58CE33CC-2F3B-4CC0-88AE-ED6181889AEE}.Debug|Any CPU.Build.0 = Debug|Any CPU
		{58CE33CC-2F3B-4CC0-88AE-ED6181889AEE}.Release|Any CPU.ActiveCfg = Release|Any CPU
		{58CE33CC-2F3B-4CC0-88AE-ED6181889AEE}.Release|Any CPU.Build.0 = Release|Any CPU
		{6C54BEC8-5C71-4A3A-8D5A-821D412D765C}.Debug|Any CPU.ActiveCfg = Debug|Any CPU
		{6C54BEC8-5C71-4A3A-8D5A-821D412D765C}.Debug|Any CPU.Build.0 = Debug|Any CPU
		{6C54BEC8-5C71-4A3A-8D5A-821D412D765C}.Release|Any CPU.ActiveCfg = Release|Any CPU
		{6C54BEC8-5C71-4A3A-8D5A-821D412D765C}.Release|Any CPU.Build.0 = Release|Any CPU
		{67F91751-5045-4984-9695-81B08AEA952A}.Debug|Any CPU.ActiveCfg = Debug|Any CPU
		{67F91751-5045-4984-9695-81B08AEA952A}.Debug|Any CPU.Build.0 = Debug|Any CPU
		{67F91751-5045-4984-9695-81B08AEA952A}.Release|Any CPU.ActiveCfg = Release|Any CPU
		{67F91751-5045-4984-9695-81B08AEA952A}.Release|Any CPU.Build.0 = Release|Any CPU
		{289B57B2-2F4E-43F8-84D3-184CE645BB0C}.Debug|Any CPU.ActiveCfg = Debug|Any CPU
		{289B57B2-2F4E-43F8-84D3-184CE645BB0C}.Debug|Any CPU.Build.0 = Debug|Any CPU
		{289B57B2-2F4E-43F8-84D3-184CE645BB0C}.Release|Any CPU.ActiveCfg = Release|Any CPU
		{289B57B2-2F4E-43F8-84D3-184CE645BB0C}.Release|Any CPU.Build.0 = Release|Any CPU
		{9F70D82B-8067-496E-8826-F1D61FA64C5C}.Debug|Any CPU.ActiveCfg = Debug|Any CPU
		{9F70D82B-8067-496E-8826-F1D61FA64C5C}.Debug|Any CPU.Build.0 = Debug|Any CPU
		{9F70D82B-8067-496E-8826-F1D61FA64C5C}.Release|Any CPU.ActiveCfg = Release|Any CPU
		{9F70D82B-8067-496E-8826-F1D61FA64C5C}.Release|Any CPU.Build.0 = Release|Any CPU
		{3C3B8A30-13D7-411E-A313-BD273EB62628}.Debug|Any CPU.ActiveCfg = Debug|Any CPU
		{3C3B8A30-13D7-411E-A313-BD273EB62628}.Debug|Any CPU.Build.0 = Debug|Any CPU
		{3C3B8A30-13D7-411E-A313-BD273EB62628}.Release|Any CPU.ActiveCfg = Release|Any CPU
		{3C3B8A30-13D7-411E-A313-BD273EB62628}.Release|Any CPU.Build.0 = Release|Any CPU
		{94054B0A-795F-4A01-84CA-01A948635EAD}.Debug|Any CPU.ActiveCfg = Debug|Any CPU
		{94054B0A-795F-4A01-84CA-01A948635EAD}.Debug|Any CPU.Build.0 = Debug|Any CPU
		{94054B0A-795F-4A01-84CA-01A948635EAD}.Release|Any CPU.ActiveCfg = Release|Any CPU
		{94054B0A-795F-4A01-84CA-01A948635EAD}.Release|Any CPU.Build.0 = Release|Any CPU
		{2A31FCF6-D69B-4DBF-A65D-3559811A28EA}.Debug|Any CPU.ActiveCfg = Debug|Any CPU
		{2A31FCF6-D69B-4DBF-A65D-3559811A28EA}.Debug|Any CPU.Build.0 = Debug|Any CPU
		{2A31FCF6-D69B-4DBF-A65D-3559811A28EA}.Release|Any CPU.ActiveCfg = Release|Any CPU
		{2A31FCF6-D69B-4DBF-A65D-3559811A28EA}.Release|Any CPU.Build.0 = Release|Any CPU
		{AFA42CF0-CB5A-4953-9073-2586F51EAF08}.Debug|Any CPU.ActiveCfg = Debug|Any CPU
		{AFA42CF0-CB5A-4953-9073-2586F51EAF08}.Debug|Any CPU.Build.0 = Debug|Any CPU
		{AFA42CF0-CB5A-4953-9073-2586F51EAF08}.Release|Any CPU.ActiveCfg = Release|Any CPU
		{AFA42CF0-CB5A-4953-9073-2586F51EAF08}.Release|Any CPU.Build.0 = Release|Any CPU
	EndGlobalSection
	GlobalSection(SolutionProperties) = preSolution
		HideSolutionNode = FALSE
	EndGlobalSection
	GlobalSection(NestedProjects) = preSolution
		{58CE33CC-2F3B-4CC0-88AE-ED6181889AEE} = {F513E364-8EB6-4198-A64D-0DCF7DE19CCA}
		{6C54BEC8-5C71-4A3A-8D5A-821D412D765C} = {F513E364-8EB6-4198-A64D-0DCF7DE19CCA}
		{67F91751-5045-4984-9695-81B08AEA952A} = {F513E364-8EB6-4198-A64D-0DCF7DE19CCA}
		{289B57B2-2F4E-43F8-84D3-184CE645BB0C} = {3BED2643-B353-4E88-B6BB-F0D4A83035BF}
		{9F70D82B-8067-496E-8826-F1D61FA64C5C} = {3BED2643-B353-4E88-B6BB-F0D4A83035BF}
		{3C3B8A30-13D7-411E-A313-BD273EB62628} = {3BED2643-B353-4E88-B6BB-F0D4A83035BF}
		{94054B0A-795F-4A01-84CA-01A948635EAD} = {3D12C908-5319-489A-9E6F-93A4C9EEDA39}
		{2A31FCF6-D69B-4DBF-A65D-3559811A28EA} = {3D12C908-5319-489A-9E6F-93A4C9EEDA39}
		{AFA42CF0-CB5A-4953-9073-2586F51EAF08} = {3D12C908-5319-489A-9E6F-93A4C9EEDA39}
	EndGlobalSection
	GlobalSection(ExtensibilityGlobals) = postSolution
		SolutionGuid = {257DA3D9-F807-4C67-B24B-EEFCAE833649}
	EndGlobalSection
EndGlobal
